
Microsoft Visual Studio Solution File, Format Version 12.00
# Visual Studio Version 17
VisualStudioVersion = 17.6.33723.286
MinimumVisualStudioVersion = 10.0.40219.1
Project("{9A19103F-16F7-4668-BE54-9A1E7A4F7556}") = "SuggestionAppUI", "SuggestionAppUI\SuggestionAppUI.csproj", "{E7DB0515-D6EE-4122-9825-D62973B10FDB}"
EndProject
Project("{9A19103F-16F7-4668-BE54-9A1E7A4F7556}") = "SuggestionAppLibrary", "SuggestionAppLibrary\SuggestionAppLibrary.csproj", "{5E906E1E-23CB-454D-B8CC-675EAF8233BF}"
EndProject
Global
	GlobalSection(SolutionConfigurationPlatforms) = preSolution
		Debug|Any CPU = Debug|Any CPU
		Release|Any CPU = Release|Any CPU
	EndGlobalSection
	GlobalSection(ProjectConfigurationPlatforms) = postSolution
		{E7DB0515-D6EE-4122-9825-D62973B10FDB}.Debug|Any CPU.ActiveCfg = Debug|Any CPU
		{E7DB0515-D6EE-4122-9825-D62973B10FDB}.Debug|Any CPU.Build.0 = Debug|Any CPU
		{E7DB0515-D6EE-4122-9825-D62973B10FDB}.Release|Any CPU.ActiveCfg = Release|Any CPU
		{E7DB0515-D6EE-4122-9825-D62973B10FDB}.Release|Any CPU.Build.0 = Release|Any CPU
		{5E906E1E-23CB-454D-B8CC-675EAF8233BF}.Debug|Any CPU.ActiveCfg = Debug|Any CPU
		{5E906E1E-23CB-454D-B8CC-675EAF8233BF}.Debug|Any CPU.Build.0 = Debug|Any CPU
		{5E906E1E-23CB-454D-B8CC-675EAF8233BF}.Release|Any CPU.ActiveCfg = Release|Any CPU
		{5E906E1E-23CB-454D-B8CC-675EAF8233BF}.Release|Any CPU.Build.0 = Release|Any CPU
	EndGlobalSection
	GlobalSection(SolutionProperties) = preSolution
		HideSolutionNode = FALSE
	EndGlobalSection
	GlobalSection(ExtensibilityGlobals) = postSolution
		SolutionGuid = {DB1905B4-789D-4AEE-B3A6-F9628BACEADD}
	EndGlobalSection
EndGlobal
